
Microsoft Visual Studio Solution File, Format Version 12.00
# Visual Studio 15
VisualStudioVersion = 15.0.28010.2019
MinimumVisualStudioVersion = 10.0.40219.1
Project("{FAE04EC0-301F-11D3-BF4B-00C04F79EFBC}") = "EssentialTools", "EssentialTools\EssentialTools.csproj", "{A9BB34BA-C1DB-4024-8FA0-D6F1276B9820}"
EndProject
Project("{FAE04EC0-301F-11D3-BF4B-00C04F79EFBC}") = "EssentialTools.Test", "EssentialTools.Test\EssentialTools.Test.csproj", "{7F7690B3-B8C5-4E28-9701-067D6CD8AF1E}"
EndProject
Global
	GlobalSection(SolutionConfigurationPlatforms) = preSolution
		Debug|Any CPU = Debug|Any CPU
		Release|Any CPU = Release|Any CPU
	EndGlobalSection
	GlobalSection(ProjectConfigurationPlatforms) = postSolution
		{A9BB34BA-C1DB-4024-8FA0-D6F1276B9820}.Debug|Any CPU.ActiveCfg = Debug|Any CPU
		{A9BB34BA-C1DB-4024-8FA0-D6F1276B9820}.Debug|Any CPU.Build.0 = Debug|Any CPU
		{A9BB34BA-C1DB-4024-8FA0-D6F1276B9820}.Release|Any CPU.ActiveCfg = Release|Any CPU
		{A9BB34BA-C1DB-4024-8FA0-D6F1276B9820}.Release|Any CPU.Build.0 = Release|Any CPU
		{7F7690B3-B8C5-4E28-9701-067D6CD8AF1E}.Debug|Any CPU.ActiveCfg = Debug|Any CPU
		{7F7690B3-B8C5-4E28-9701-067D6CD8AF1E}.Debug|Any CPU.Build.0 = Debug|Any CPU
		{7F7690B3-B8C5-4E28-9701-067D6CD8AF1E}.Release|Any CPU.ActiveCfg = Release|Any CPU
		{7F7690B3-B8C5-4E28-9701-067D6CD8AF1E}.Release|Any CPU.Build.0 = Release|Any CPU
	EndGlobalSection
	GlobalSection(SolutionProperties) = preSolution
		HideSolutionNode = FALSE
	EndGlobalSection
	GlobalSection(ExtensibilityGlobals) = postSolution
		SolutionGuid = {56D9BDE7-DB9C-4EF4-9331-7D1E5C28CDC7}
	EndGlobalSection
EndGlobal
